
Microsoft Visual Studio Solution File, Format Version 12.00
# Visual Studio Version 17
VisualStudioVersion = 17.7.34031.279
MinimumVisualStudioVersion = 10.0.40219.1
Project("{FAE04EC0-301F-11D3-BF4B-00C04F79EFBC}") = "OnlineBookstore", "OnlineBookstore.csproj", "{4D8B5414-E9CB-435E-B694-A3D7CBB57545}"
EndProject
Global
	GlobalSection(SolutionConfigurationPlatforms) = preSolution
		Debug|Any CPU = Debug|Any CPU
		Release|Any CPU = Release|Any CPU
	EndGlobalSection
	GlobalSection(ProjectConfigurationPlatforms) = postSolution
		{4D8B5414-E9CB-435E-B694-A3D7CBB57545}.Debug|Any CPU.ActiveCfg = Debug|Any CPU
		{4D8B5414-E9CB-435E-B694-A3D7CBB57545}.Debug|Any CPU.Build.0 = Debug|Any CPU
		{4D8B5414-E9CB-435E-B694-A3D7CBB57545}.Release|Any CPU.ActiveCfg = Release|Any CPU
		{4D8B5414-E9CB-435E-B694-A3D7CBB57545}.Release|Any CPU.Build.0 = Release|Any CPU
	EndGlobalSection
	GlobalSection(SolutionProperties) = preSolution
		HideSolutionNode = FALSE
	EndGlobalSection
	GlobalSection(ExtensibilityGlobals) = postSolution
		SolutionGuid = {0C028D0B-2E84-4151-BD50-06FBF867644C}
	EndGlobalSection
EndGlobal
